lockfileVersion: '9.0'

settings:
  autoInstallPeers: true
  excludeLinksFromLockfile: false

importers:

  .:
    dependencies:
      '@workspace/backend':
        specifier: workspace:*
        version: link:../../packages/backend
      '@workspace/math':
        specifier: workspace:*
        version: link:../../packages/math
      '@workspace/ui':
        specifier: workspace:*
        version: link:../../packages/ui
    devDependencies:
      '@workspace/eslint-config':
        specifier: workspace:^
        version: link:../../packages/eslint-config
      '@workspace/typescript-config':
        specifier: workspace:*
        version: link:../../packages/typescript-config

  ../..: {}

  ../../packages/backend: {}

  ../../packages/eslint-config: {}

  ../../packages/math: {}

  ../../packages/typescript-config: {}

  ../../packages/ui: {}

  ../widget: {}
